
Microsoft Visual Studio Solution File, Format Version 12.00
# Visual Studio Version 17
VisualStudioVersion = 17.4.33122.133
MinimumVisualStudioVersion = 10.0.40219.1
Project("{9A19103F-16F7-4668-BE54-9A1E7A4F7556}") = "CSharpConcepts", "CSharpConcepts\CSharpConcepts.csproj", "{B28A4D98-9C63-41CE-989C-CAC2757B6882}"
EndProject
Project("{9A19103F-16F7-4668-BE54-9A1E7A4F7556}") = "CSharpConceptsTests", "CSharpConceptsTests\CSharpConceptsTests.csproj", "{AF281357-2A95-4AF7-B24D-98FC2BB9B33F}"
EndProject
Project("{9A19103F-16F7-4668-BE54-9A1E7A4F7556}") = "CSharpConcepts.XUnit.Tests", "CSharpConcepts.XUnit.Tests\CSharpConcepts.XUnit.Tests.csproj", "{BBBA6095-ED22-41CD-859E-D74D5342C219}"
EndProject
Project("{9A19103F-16F7-4668-BE54-9A1E7A4F7556}") = "CSharpConcepts.NUnit.Tests", "CSharpConcepts.NUnit.Tests\CSharpConcepts.NUnit.Tests.csproj", "{B58497E0-2D25-4414-9958-11A7F4EDEDAB}"
EndProject
Project("{9A19103F-16F7-4668-BE54-9A1E7A4F7556}") = "Torify", "Torify\Torify.csproj", "{694AFB15-8F22-4F60-9AC1-B413A08B2508}"
EndProject
Project("{2150E333-8FDC-42A3-9474-1A3956D46DE8}") = "ProCSharp10WithDOTNET6", "ProCSharp10WithDOTNET6", "{D1482963-AABD-4292-8A3C-44D289E5C2F5}"
EndProject
Project("{9A19103F-16F7-4668-BE54-9A1E7A4F7556}") = "ProCSharp", "ProCSharp\ProCSharp.csproj", "{32A724AF-C85B-404F-8FEA-7A5EDDC4ADF1}"
EndProject
Project("{FAE04EC0-301F-11D3-BF4B-00C04F79EFBC}") = "RawWPF", "RawWPF\RawWPF.csproj", "{D5FB2A68-7D5F-4D26-8DD4-52C4E0D8CD9C}"
EndProject
Global
	GlobalSection(SolutionConfigurationPlatforms) = preSolution
		Debug|Any CPU = Debug|Any CPU
		Release|Any CPU = Release|Any CPU
	EndGlobalSection
	GlobalSection(ProjectConfigurationPlatforms) = postSolution
		{B28A4D98-9C63-41CE-989C-CAC2757B6882}.Debug|Any CPU.ActiveCfg = Debug|Any CPU
		{B28A4D98-9C63-41CE-989C-CAC2757B6882}.Debug|Any CPU.Build.0 = Debug|Any CPU
		{B28A4D98-9C63-41CE-989C-CAC2757B6882}.Release|Any CPU.ActiveCfg = Release|Any CPU
		{B28A4D98-9C63-41CE-989C-CAC2757B6882}.Release|Any CPU.Build.0 = Release|Any CPU
		{AF281357-2A95-4AF7-B24D-98FC2BB9B33F}.Debug|Any CPU.ActiveCfg = Debug|Any CPU
		{AF281357-2A95-4AF7-B24D-98FC2BB9B33F}.Debug|Any CPU.Build.0 = Debug|Any CPU
		{AF281357-2A95-4AF7-B24D-98FC2BB9B33F}.Release|Any CPU.ActiveCfg = Release|Any CPU
		{AF281357-2A95-4AF7-B24D-98FC2BB9B33F}.Release|Any CPU.Build.0 = Release|Any CPU
		{BBBA6095-ED22-41CD-859E-D74D5342C219}.Debug|Any CPU.ActiveCfg = Debug|Any CPU
		{BBBA6095-ED22-41CD-859E-D74D5342C219}.Debug|Any CPU.Build.0 = Debug|Any CPU
		{BBBA6095-ED22-41CD-859E-D74D5342C219}.Release|Any CPU.ActiveCfg = Release|Any CPU
		{BBBA6095-ED22-41CD-859E-D74D5342C219}.Release|Any CPU.Build.0 = Release|Any CPU
		{B58497E0-2D25-4414-9958-11A7F4EDEDAB}.Debug|Any CPU.ActiveCfg = Debug|Any CPU
		{B58497E0-2D25-4414-9958-11A7F4EDEDAB}.Debug|Any CPU.Build.0 = Debug|Any CPU
		{B58497E0-2D25-4414-9958-11A7F4EDEDAB}.Release|Any CPU.ActiveCfg = Release|Any CPU
		{B58497E0-2D25-4414-9958-11A7F4EDEDAB}.Release|Any CPU.Build.0 = Release|Any CPU
		{694AFB15-8F22-4F60-9AC1-B413A08B2508}.Debug|Any CPU.ActiveCfg = Debug|Any CPU
		{694AFB15-8F22-4F60-9AC1-B413A08B2508}.Debug|Any CPU.Build.0 = Debug|Any CPU
		{694AFB15-8F22-4F60-9AC1-B413A08B2508}.Release|Any CPU.ActiveCfg = Release|Any CPU
		{694AFB15-8F22-4F60-9AC1-B413A08B2508}.Release|Any CPU.Build.0 = Release|Any CPU
		{32A724AF-C85B-404F-8FEA-7A5EDDC4ADF1}.Debug|Any CPU.ActiveCfg = Debug|Any CPU
		{32A724AF-C85B-404F-8FEA-7A5EDDC4ADF1}.Debug|Any CPU.Build.0 = Debug|Any CPU
		{32A724AF-C85B-404F-8FEA-7A5EDDC4ADF1}.Release|Any CPU.ActiveCfg = Release|Any CPU
		{32A724AF-C85B-404F-8FEA-7A5EDDC4ADF1}.Release|Any CPU.Build.0 = Release|Any CPU
		{D5FB2A68-7D5F-4D26-8DD4-52C4E0D8CD9C}.Debug|Any CPU.ActiveCfg = Debug|Any CPU
		{D5FB2A68-7D5F-4D26-8DD4-52C4E0D8CD9C}.Debug|Any CPU.Build.0 = Debug|Any CPU
		{D5FB2A68-7D5F-4D26-8DD4-52C4E0D8CD9C}.Release|Any CPU.ActiveCfg = Release|Any CPU
		{D5FB2A68-7D5F-4D26-8DD4-52C4E0D8CD9C}.Release|Any CPU.Build.0 = Release|Any CPU
	EndGlobalSection
	GlobalSection(SolutionProperties) = preSolution
		HideSolutionNode = FALSE
	EndGlobalSection
	GlobalSection(NestedProjects) = preSolution
		{32A724AF-C85B-404F-8FEA-7A5EDDC4ADF1} = {D1482963-AABD-4292-8A3C-44D289E5C2F5}
	EndGlobalSection
	GlobalSection(ExtensibilityGlobals) = postSolution
		SolutionGuid = {BAA0EF66-9866-4E90-96B0-AC69F5315D94}
	EndGlobalSection
EndGlobal
