
Microsoft Visual Studio Solution File, Format Version 12.00
# Visual Studio Version 17
VisualStudioVersion = 17.10.34928.147
MinimumVisualStudioVersion = 10.0.40219.1
Project("{9A19103F-16F7-4668-BE54-9A1E7A4F7556}") = "AvWeb", "AvWeb.csproj", "{9C772852-470C-4F0B-AADA-BD89E48C89D4}"
EndProject
Project("{9A19103F-16F7-4668-BE54-9A1E7A4F7556}") = "AvWeb.Desktop", "..\AvWeb.Desktop\AvWeb.Desktop.csproj", "{B6C2E166-8E47-460C-91D2-E1D6668FF83B}"
EndProject
Project("{9A19103F-16F7-4668-BE54-9A1E7A4F7556}") = "AvWeb.Browser", "..\AvWeb.Browser\AvWeb.Browser.csproj", "{F86FB4FE-BFF7-42C8-9B41-DA6CBC05F972}"
EndProject
Global
	GlobalSection(SolutionConfigurationPlatforms) = preSolution
		Debug|Any CPU = Debug|Any CPU
		Release|Any CPU = Release|Any CPU
	EndGlobalSection
	GlobalSection(ProjectConfigurationPlatforms) = postSolution
		{9C772852-470C-4F0B-AADA-BD89E48C89D4}.Debug|Any CPU.ActiveCfg = Debug|Any CPU
		{9C772852-470C-4F0B-AADA-BD89E48C89D4}.Debug|Any CPU.Build.0 = Debug|Any CPU
		{9C772852-470C-4F0B-AADA-BD89E48C89D4}.Release|Any CPU.ActiveCfg = Release|Any CPU
		{9C772852-470C-4F0B-AADA-BD89E48C89D4}.Release|Any CPU.Build.0 = Release|Any CPU
		{B6C2E166-8E47-460C-91D2-E1D6668FF83B}.Debug|Any CPU.ActiveCfg = Debug|Any CPU
		{B6C2E166-8E47-460C-91D2-E1D6668FF83B}.Debug|Any CPU.Build.0 = Debug|Any CPU
		{B6C2E166-8E47-460C-91D2-E1D6668FF83B}.Release|Any CPU.ActiveCfg = Release|Any CPU
		{B6C2E166-8E47-460C-91D2-E1D6668FF83B}.Release|Any CPU.Build.0 = Release|Any CPU
		{F86FB4FE-BFF7-42C8-9B41-DA6CBC05F972}.Debug|Any CPU.ActiveCfg = Debug|Any CPU
		{F86FB4FE-BFF7-42C8-9B41-DA6CBC05F972}.Debug|Any CPU.Build.0 = Debug|Any CPU
		{F86FB4FE-BFF7-42C8-9B41-DA6CBC05F972}.Release|Any CPU.ActiveCfg = Release|Any CPU
		{F86FB4FE-BFF7-42C8-9B41-DA6CBC05F972}.Release|Any CPU.Build.0 = Release|Any CPU
	EndGlobalSection
	GlobalSection(SolutionProperties) = preSolution
		HideSolutionNode = FALSE
	EndGlobalSection
	GlobalSection(ExtensibilityGlobals) = postSolution
		SolutionGuid = {9C0157E1-48FA-45A9-805D-F617FB5949A4}
	EndGlobalSection
EndGlobal
