Microsoft Visual Studio Solution File, Format Version 12.00
# Visual Studio Version 17
VisualStudioVersion = 17.2.32210.308
MinimumVisualStudioVersion = 15.0.26124.0
Project("{2150E333-8FDC-42A3-9474-1A3956D46DE8}") = "Community", "Community", "{DAA180C1-99DC-46A6-A639-AE6333729ADC}"
EndProject
Project("{FAE04EC0-301F-11D3-BF4B-00C04F79EFBC}") = "CommunityApp", "CommunityApp\CommunityApp\CommunityApp.csproj", "{E3116C91-C740-4356-85B3-2AA4BE016F2D}"
EndProject
Project("{FAE04EC0-301F-11D3-BF4B-00C04F79EFBC}") = "CommunityApp.Server", "CommunityApp\CommunityApp.Server\CommunityApp.Server.csproj", "{CDF45B37-095E-408A-B68F-CBA49C3966AE}"
EndProject
Project("{FAE04EC0-301F-11D3-BF4B-00C04F79EFBC}") = "CommunityApp.DataContracts", "CommunityApp\CommunityApp.DataContracts\CommunityApp.DataContracts.csproj", "{931DCD1B-917D-4111-B1B5-B68C5B939C9C}"
EndProject
Project("{FAE04EC0-301F-11D3-BF4B-00C04F79EFBC}") = "CommunityApp.Tests", "CommunityApp\CommunityApp.Tests\CommunityApp.Tests.csproj", "{C91C9E92-A243-4126-92BC-6970D1985639}"
EndProject
Project("{FAE04EC0-301F-11D3-BF4B-00C04F79EFBC}") = "CommunityApp.UITests", "CommunityApp\CommunityApp.UITests\CommunityApp.UITests.csproj", "{CD855231-F0AA-409B-B608-5620095CA804}"
EndProject
Project("{FAE04EC0-301F-11D3-BF4B-00C04F79EFBC}") = "CommunityApp.Mobile", "CommunityApp\CommunityApp.Mobile\CommunityApp.Mobile.csproj", "{09B0448E-5667-403E-8D9F-3927E103E3DA}"
EndProject
Project("{FAE04EC0-301F-11D3-BF4B-00C04F79EFBC}") = "CommunityApp.Windows", "CommunityApp\CommunityApp.Windows\CommunityApp.Windows.csproj", "{01E4B663-E5C8-4B07-84EC-0B857463B3E0}"
EndProject
Project("{FAE04EC0-301F-11D3-BF4B-00C04F79EFBC}") = "CommunityApp.Wasm", "CommunityApp\CommunityApp.Wasm\CommunityApp.Wasm.csproj", "{F073D20D-5BDB-48A8-A7D5-6E9A1D99CDBB}"
EndProject
Project("{FAE04EC0-301F-11D3-BF4B-00C04F79EFBC}") = "CommunityApp.Skia.Gtk", "CommunityApp\CommunityApp.Skia.Gtk\CommunityApp.Skia.Gtk.csproj", "{4C658BB4-A399-4AD6-948F-2FB8ED0240E7}"
EndProject
Global
	GlobalSection(SolutionConfigurationPlatforms) = preSolution
		Debug|Any CPU = Debug|Any CPU
		Debug|arm64 = Debug|arm64
		Debug|x64 = Debug|x64
		Debug|x86 = Debug|x86
		Release|Any CPU = Release|Any CPU
		Release|arm64 = Release|arm64
		Release|x64 = Release|x64
		Release|x86 = Release|x86
	EndGlobalSection
	GlobalSection(ProjectConfigurationPlatforms) = postSolution
		{E3116C91-C740-4356-85B3-2AA4BE016F2D}.Debug|Any CPU.ActiveCfg = Debug|Any CPU
		{E3116C91-C740-4356-85B3-2AA4BE016F2D}.Debug|Any CPU.Build.0 = Debug|Any CPU
		{E3116C91-C740-4356-85B3-2AA4BE016F2D}.Debug|arm64.ActiveCfg = Debug|Any CPU
		{E3116C91-C740-4356-85B3-2AA4BE016F2D}.Debug|arm64.Build.0 = Debug|Any CPU
		{E3116C91-C740-4356-85B3-2AA4BE016F2D}.Debug|x64.ActiveCfg = Debug|Any CPU
		{E3116C91-C740-4356-85B3-2AA4BE016F2D}.Debug|x64.Build.0 = Debug|Any CPU
		{E3116C91-C740-4356-85B3-2AA4BE016F2D}.Debug|x86.ActiveCfg = Debug|Any CPU
		{E3116C91-C740-4356-85B3-2AA4BE016F2D}.Debug|x86.Build.0 = Debug|Any CPU
		{E3116C91-C740-4356-85B3-2AA4BE016F2D}.Release|Any CPU.ActiveCfg = Release|Any CPU
		{E3116C91-C740-4356-85B3-2AA4BE016F2D}.Release|Any CPU.Build.0 = Release|Any CPU
		{E3116C91-C740-4356-85B3-2AA4BE016F2D}.Release|arm64.ActiveCfg = Release|Any CPU
		{E3116C91-C740-4356-85B3-2AA4BE016F2D}.Release|arm64.Build.0 = Release|Any CPU
		{E3116C91-C740-4356-85B3-2AA4BE016F2D}.Release|x64.ActiveCfg = Release|Any CPU
		{E3116C91-C740-4356-85B3-2AA4BE016F2D}.Release|x64.Build.0 = Release|Any CPU
		{E3116C91-C740-4356-85B3-2AA4BE016F2D}.Release|x86.ActiveCfg = Release|Any CPU
		{E3116C91-C740-4356-85B3-2AA4BE016F2D}.Release|x86.Build.0 = Release|Any CPU
		{CDF45B37-095E-408A-B68F-CBA49C3966AE}.Debug|Any CPU.ActiveCfg = Debug|Any CPU
		{CDF45B37-095E-408A-B68F-CBA49C3966AE}.Debug|Any CPU.Build.0 = Debug|Any CPU
		{CDF45B37-095E-408A-B68F-CBA49C3966AE}.Debug|arm64.ActiveCfg = Debug|Any CPU
		{CDF45B37-095E-408A-B68F-CBA49C3966AE}.Debug|arm64.Build.0 = Debug|Any CPU
		{CDF45B37-095E-408A-B68F-CBA49C3966AE}.Debug|x64.ActiveCfg = Debug|Any CPU
		{CDF45B37-095E-408A-B68F-CBA49C3966AE}.Debug|x64.Build.0 = Debug|Any CPU
		{CDF45B37-095E-408A-B68F-CBA49C3966AE}.Debug|x86.ActiveCfg = Debug|Any CPU
		{CDF45B37-095E-408A-B68F-CBA49C3966AE}.Debug|x86.Build.0 = Debug|Any CPU
		{CDF45B37-095E-408A-B68F-CBA49C3966AE}.Release|Any CPU.ActiveCfg = Release|Any CPU
		{CDF45B37-095E-408A-B68F-CBA49C3966AE}.Release|Any CPU.Build.0 = Release|Any CPU
		{CDF45B37-095E-408A-B68F-CBA49C3966AE}.Release|arm64.ActiveCfg = Release|Any CPU
		{CDF45B37-095E-408A-B68F-CBA49C3966AE}.Release|arm64.Build.0 = Release|Any CPU
		{CDF45B37-095E-408A-B68F-CBA49C3966AE}.Release|x64.ActiveCfg = Release|Any CPU
		{CDF45B37-095E-408A-B68F-CBA49C3966AE}.Release|x64.Build.0 = Release|Any CPU
		{CDF45B37-095E-408A-B68F-CBA49C3966AE}.Release|x86.ActiveCfg = Release|Any CPU
		{CDF45B37-095E-408A-B68F-CBA49C3966AE}.Release|x86.Build.0 = Release|Any CPU
		{931DCD1B-917D-4111-B1B5-B68C5B939C9C}.Debug|Any CPU.ActiveCfg = Debug|Any CPU
		{931DCD1B-917D-4111-B1B5-B68C5B939C9C}.Debug|Any CPU.Build.0 = Debug|Any CPU
		{931DCD1B-917D-4111-B1B5-B68C5B939C9C}.Debug|arm64.ActiveCfg = Debug|Any CPU
		{931DCD1B-917D-4111-B1B5-B68C5B939C9C}.Debug|arm64.Build.0 = Debug|Any CPU
		{931DCD1B-917D-4111-B1B5-B68C5B939C9C}.Debug|x64.ActiveCfg = Debug|Any CPU
		{931DCD1B-917D-4111-B1B5-B68C5B939C9C}.Debug|x64.Build.0 = Debug|Any CPU
		{931DCD1B-917D-4111-B1B5-B68C5B939C9C}.Debug|x86.ActiveCfg = Debug|Any CPU
		{931DCD1B-917D-4111-B1B5-B68C5B939C9C}.Debug|x86.Build.0 = Debug|Any CPU
		{931DCD1B-917D-4111-B1B5-B68C5B939C9C}.Release|Any CPU.ActiveCfg = Release|Any CPU
		{931DCD1B-917D-4111-B1B5-B68C5B939C9C}.Release|Any CPU.Build.0 = Release|Any CPU
		{931DCD1B-917D-4111-B1B5-B68C5B939C9C}.Release|arm64.ActiveCfg = Release|Any CPU
		{931DCD1B-917D-4111-B1B5-B68C5B939C9C}.Release|arm64.Build.0 = Release|Any CPU
		{931DCD1B-917D-4111-B1B5-B68C5B939C9C}.Release|x64.ActiveCfg = Release|Any CPU
		{931DCD1B-917D-4111-B1B5-B68C5B939C9C}.Release|x64.Build.0 = Release|Any CPU
		{931DCD1B-917D-4111-B1B5-B68C5B939C9C}.Release|x86.ActiveCfg = Release|Any CPU
		{931DCD1B-917D-4111-B1B5-B68C5B939C9C}.Release|x86.Build.0 = Release|Any CPU
		{C91C9E92-A243-4126-92BC-6970D1985639}.Debug|Any CPU.ActiveCfg = Debug|Any CPU
		{C91C9E92-A243-4126-92BC-6970D1985639}.Debug|Any CPU.Build.0 = Debug|Any CPU
		{C91C9E92-A243-4126-92BC-6970D1985639}.Debug|arm64.ActiveCfg = Debug|Any CPU
		{C91C9E92-A243-4126-92BC-6970D1985639}.Debug|arm64.Build.0 = Debug|Any CPU
		{C91C9E92-A243-4126-92BC-6970D1985639}.Debug|x64.ActiveCfg = Debug|Any CPU
		{C91C9E92-A243-4126-92BC-6970D1985639}.Debug|x64.Build.0 = Debug|Any CPU
		{C91C9E92-A243-4126-92BC-6970D1985639}.Debug|x86.ActiveCfg = Debug|Any CPU
		{C91C9E92-A243-4126-92BC-6970D1985639}.Debug|x86.Build.0 = Debug|Any CPU
		{C91C9E92-A243-4126-92BC-6970D1985639}.Release|Any CPU.ActiveCfg = Release|Any CPU
		{C91C9E92-A243-4126-92BC-6970D1985639}.Release|Any CPU.Build.0 = Release|Any CPU
		{C91C9E92-A243-4126-92BC-6970D1985639}.Release|arm64.ActiveCfg = Release|Any CPU
		{C91C9E92-A243-4126-92BC-6970D1985639}.Release|arm64.Build.0 = Release|Any CPU
		{C91C9E92-A243-4126-92BC-6970D1985639}.Release|x64.ActiveCfg = Release|Any CPU
		{C91C9E92-A243-4126-92BC-6970D1985639}.Release|x64.Build.0 = Release|Any CPU
		{C91C9E92-A243-4126-92BC-6970D1985639}.Release|x86.ActiveCfg = Release|Any CPU
		{C91C9E92-A243-4126-92BC-6970D1985639}.Release|x86.Build.0 = Release|Any CPU
		{CD855231-F0AA-409B-B608-5620095CA804}.Debug|Any CPU.ActiveCfg = Debug|Any CPU
		{CD855231-F0AA-409B-B608-5620095CA804}.Debug|Any CPU.Build.0 = Debug|Any CPU
		{CD855231-F0AA-409B-B608-5620095CA804}.Debug|arm64.ActiveCfg = Debug|Any CPU
		{CD855231-F0AA-409B-B608-5620095CA804}.Debug|arm64.Build.0 = Debug|Any CPU
		{CD855231-F0AA-409B-B608-5620095CA804}.Debug|x64.ActiveCfg = Debug|Any CPU
		{CD855231-F0AA-409B-B608-5620095CA804}.Debug|x64.Build.0 = Debug|Any CPU
		{CD855231-F0AA-409B-B608-5620095CA804}.Debug|x86.ActiveCfg = Debug|Any CPU
		{CD855231-F0AA-409B-B608-5620095CA804}.Debug|x86.Build.0 = Debug|Any CPU
		{CD855231-F0AA-409B-B608-5620095CA804}.Release|Any CPU.ActiveCfg = Release|Any CPU
		{CD855231-F0AA-409B-B608-5620095CA804}.Release|Any CPU.Build.0 = Release|Any CPU
		{CD855231-F0AA-409B-B608-5620095CA804}.Release|arm64.ActiveCfg = Release|Any CPU
		{CD855231-F0AA-409B-B608-5620095CA804}.Release|arm64.Build.0 = Release|Any CPU
		{CD855231-F0AA-409B-B608-5620095CA804}.Release|x64.ActiveCfg = Release|Any CPU
		{CD855231-F0AA-409B-B608-5620095CA804}.Release|x64.Build.0 = Release|Any CPU
		{CD855231-F0AA-409B-B608-5620095CA804}.Release|x86.ActiveCfg = Release|Any CPU
		{CD855231-F0AA-409B-B608-5620095CA804}.Release|x86.Build.0 = Release|Any CPU
		{09B0448E-5667-403E-8D9F-3927E103E3DA}.Debug|Any CPU.ActiveCfg = Debug|Any CPU
		{09B0448E-5667-403E-8D9F-3927E103E3DA}.Debug|Any CPU.Build.0 = Debug|Any CPU
		{09B0448E-5667-403E-8D9F-3927E103E3DA}.Debug|Any CPU.Deploy.0 = Debug|Any CPU
		{09B0448E-5667-403E-8D9F-3927E103E3DA}.Debug|arm64.ActiveCfg = Debug|Any CPU
		{09B0448E-5667-403E-8D9F-3927E103E3DA}.Debug|arm64.Build.0 = Debug|Any CPU
		{09B0448E-5667-403E-8D9F-3927E103E3DA}.Debug|arm64.Deploy.0 = Debug|Any CPU
		{09B0448E-5667-403E-8D9F-3927E103E3DA}.Debug|x64.ActiveCfg = Debug|Any CPU
		{09B0448E-5667-403E-8D9F-3927E103E3DA}.Debug|x64.Build.0 = Debug|Any CPU
		{09B0448E-5667-403E-8D9F-3927E103E3DA}.Debug|x64.Deploy.0 = Debug|Any CPU
		{09B0448E-5667-403E-8D9F-3927E103E3DA}.Debug|x86.ActiveCfg = Debug|Any CPU
		{09B0448E-5667-403E-8D9F-3927E103E3DA}.Debug|x86.Build.0 = Debug|Any CPU
		{09B0448E-5667-403E-8D9F-3927E103E3DA}.Debug|x86.Deploy.0 = Debug|Any CPU
		{09B0448E-5667-403E-8D9F-3927E103E3DA}.Release|Any CPU.ActiveCfg = Release|Any CPU
		{09B0448E-5667-403E-8D9F-3927E103E3DA}.Release|Any CPU.Build.0 = Release|Any CPU
		{09B0448E-5667-403E-8D9F-3927E103E3DA}.Release|Any CPU.Deploy.0 = Release|Any CPU
		{09B0448E-5667-403E-8D9F-3927E103E3DA}.Release|arm64.ActiveCfg = Release|Any CPU
		{09B0448E-5667-403E-8D9F-3927E103E3DA}.Release|arm64.Build.0 = Release|Any CPU
		{09B0448E-5667-403E-8D9F-3927E103E3DA}.Release|arm64.Deploy.0 = Release|Any CPU
		{09B0448E-5667-403E-8D9F-3927E103E3DA}.Release|x64.ActiveCfg = Release|Any CPU
		{09B0448E-5667-403E-8D9F-3927E103E3DA}.Release|x64.Build.0 = Release|Any CPU
		{09B0448E-5667-403E-8D9F-3927E103E3DA}.Release|x64.Deploy.0 = Release|Any CPU
		{09B0448E-5667-403E-8D9F-3927E103E3DA}.Release|x86.ActiveCfg = Release|Any CPU
		{09B0448E-5667-403E-8D9F-3927E103E3DA}.Release|x86.Build.0 = Release|Any CPU
		{09B0448E-5667-403E-8D9F-3927E103E3DA}.Release|x86.Deploy.0 = Release|Any CPU
		{01E4B663-E5C8-4B07-84EC-0B857463B3E0}.Debug|Any CPU.ActiveCfg = Debug|x64
		{01E4B663-E5C8-4B07-84EC-0B857463B3E0}.Debug|Any CPU.Build.0 = Debug|x64
		{01E4B663-E5C8-4B07-84EC-0B857463B3E0}.Debug|Any CPU.Deploy.0 = Debug|x64
		{01E4B663-E5C8-4B07-84EC-0B857463B3E0}.Debug|arm64.ActiveCfg = Debug|arm64
		{01E4B663-E5C8-4B07-84EC-0B857463B3E0}.Debug|arm64.Build.0 = Debug|arm64
		{01E4B663-E5C8-4B07-84EC-0B857463B3E0}.Debug|arm64.Deploy.0 = Debug|arm64
		{01E4B663-E5C8-4B07-84EC-0B857463B3E0}.Debug|x64.ActiveCfg = Debug|x64
		{01E4B663-E5C8-4B07-84EC-0B857463B3E0}.Debug|x64.Build.0 = Debug|x64
		{01E4B663-E5C8-4B07-84EC-0B857463B3E0}.Debug|x64.Deploy.0 = Debug|x64
		{01E4B663-E5C8-4B07-84EC-0B857463B3E0}.Debug|x86.ActiveCfg = Debug|x86
		{01E4B663-E5C8-4B07-84EC-0B857463B3E0}.Debug|x86.Build.0 = Debug|x86
		{01E4B663-E5C8-4B07-84EC-0B857463B3E0}.Debug|x86.Deploy.0 = Debug|x86
		{01E4B663-E5C8-4B07-84EC-0B857463B3E0}.Release|Any CPU.ActiveCfg = Release|x64
		{01E4B663-E5C8-4B07-84EC-0B857463B3E0}.Release|Any CPU.Build.0 = Release|x64
		{01E4B663-E5C8-4B07-84EC-0B857463B3E0}.Release|Any CPU.Deploy.0 = Release|x64
		{01E4B663-E5C8-4B07-84EC-0B857463B3E0}.Release|arm64.ActiveCfg = Release|arm64
		{01E4B663-E5C8-4B07-84EC-0B857463B3E0}.Release|arm64.Build.0 = Release|arm64
		{01E4B663-E5C8-4B07-84EC-0B857463B3E0}.Release|arm64.Deploy.0 = Release|arm64
		{01E4B663-E5C8-4B07-84EC-0B857463B3E0}.Release|x64.ActiveCfg = Release|x64
		{01E4B663-E5C8-4B07-84EC-0B857463B3E0}.Release|x64.Build.0 = Release|x64
		{01E4B663-E5C8-4B07-84EC-0B857463B3E0}.Release|x64.Deploy.0 = Release|x64
		{01E4B663-E5C8-4B07-84EC-0B857463B3E0}.Release|x86.ActiveCfg = Release|x86
		{01E4B663-E5C8-4B07-84EC-0B857463B3E0}.Release|x86.Build.0 = Release|x86
		{01E4B663-E5C8-4B07-84EC-0B857463B3E0}.Release|x86.Deploy.0 = Release|x86
		{F073D20D-5BDB-48A8-A7D5-6E9A1D99CDBB}.Debug|Any CPU.ActiveCfg = Debug|Any CPU
		{F073D20D-5BDB-48A8-A7D5-6E9A1D99CDBB}.Debug|Any CPU.Build.0 = Debug|Any CPU
		{F073D20D-5BDB-48A8-A7D5-6E9A1D99CDBB}.Debug|arm64.ActiveCfg = Debug|Any CPU
		{F073D20D-5BDB-48A8-A7D5-6E9A1D99CDBB}.Debug|arm64.Build.0 = Debug|Any CPU
		{F073D20D-5BDB-48A8-A7D5-6E9A1D99CDBB}.Debug|x64.ActiveCfg = Debug|Any CPU
		{F073D20D-5BDB-48A8-A7D5-6E9A1D99CDBB}.Debug|x64.Build.0 = Debug|Any CPU
		{F073D20D-5BDB-48A8-A7D5-6E9A1D99CDBB}.Debug|x86.ActiveCfg = Debug|Any CPU
		{F073D20D-5BDB-48A8-A7D5-6E9A1D99CDBB}.Debug|x86.Build.0 = Debug|Any CPU
		{F073D20D-5BDB-48A8-A7D5-6E9A1D99CDBB}.Release|Any CPU.ActiveCfg = Release|Any CPU
		{F073D20D-5BDB-48A8-A7D5-6E9A1D99CDBB}.Release|Any CPU.Build.0 = Release|Any CPU
		{F073D20D-5BDB-48A8-A7D5-6E9A1D99CDBB}.Release|arm64.ActiveCfg = Release|Any CPU
		{F073D20D-5BDB-48A8-A7D5-6E9A1D99CDBB}.Release|arm64.Build.0 = Release|Any CPU
		{F073D20D-5BDB-48A8-A7D5-6E9A1D99CDBB}.Release|x64.ActiveCfg = Release|Any CPU
		{F073D20D-5BDB-48A8-A7D5-6E9A1D99CDBB}.Release|x64.Build.0 = Release|Any CPU
		{F073D20D-5BDB-48A8-A7D5-6E9A1D99CDBB}.Release|x86.ActiveCfg = Release|Any CPU
		{F073D20D-5BDB-48A8-A7D5-6E9A1D99CDBB}.Release|x86.Build.0 = Release|Any CPU
		{4C658BB4-A399-4AD6-948F-2FB8ED0240E7}.Debug|Any CPU.ActiveCfg = Debug|Any CPU
		{4C658BB4-A399-4AD6-948F-2FB8ED0240E7}.Debug|Any CPU.Build.0 = Debug|Any CPU
		{4C658BB4-A399-4AD6-948F-2FB8ED0240E7}.Debug|arm64.ActiveCfg = Debug|Any CPU
		{4C658BB4-A399-4AD6-948F-2FB8ED0240E7}.Debug|arm64.Build.0 = Debug|Any CPU
		{4C658BB4-A399-4AD6-948F-2FB8ED0240E7}.Debug|x64.ActiveCfg = Debug|Any CPU
		{4C658BB4-A399-4AD6-948F-2FB8ED0240E7}.Debug|x64.Build.0 = Debug|Any CPU
		{4C658BB4-A399-4AD6-948F-2FB8ED0240E7}.Debug|x86.ActiveCfg = Debug|Any CPU
		{4C658BB4-A399-4AD6-948F-2FB8ED0240E7}.Debug|x86.Build.0 = Debug|Any CPU
		{4C658BB4-A399-4AD6-948F-2FB8ED0240E7}.Release|Any CPU.ActiveCfg = Release|Any CPU
		{4C658BB4-A399-4AD6-948F-2FB8ED0240E7}.Release|Any CPU.Build.0 = Release|Any CPU
		{4C658BB4-A399-4AD6-948F-2FB8ED0240E7}.Release|arm64.ActiveCfg = Release|Any CPU
		{4C658BB4-A399-4AD6-948F-2FB8ED0240E7}.Release|arm64.Build.0 = Release|Any CPU
		{4C658BB4-A399-4AD6-948F-2FB8ED0240E7}.Release|x64.ActiveCfg = Release|Any CPU
		{4C658BB4-A399-4AD6-948F-2FB8ED0240E7}.Release|x64.Build.0 = Release|Any CPU
		{4C658BB4-A399-4AD6-948F-2FB8ED0240E7}.Release|x86.ActiveCfg = Release|Any CPU
		{4C658BB4-A399-4AD6-948F-2FB8ED0240E7}.Release|x86.Build.0 = Release|Any CPU
	EndGlobalSection
	GlobalSection(SolutionProperties) = preSolution
		HideSolutionNode = FALSE
	EndGlobalSection
	GlobalSection(NestedProjects) = preSolution
		{E3116C91-C740-4356-85B3-2AA4BE016F2D} = {DAA180C1-99DC-46A6-A639-AE6333729ADC}
		{CDF45B37-095E-408A-B68F-CBA49C3966AE} = {DAA180C1-99DC-46A6-A639-AE6333729ADC}
		{931DCD1B-917D-4111-B1B5-B68C5B939C9C} = {DAA180C1-99DC-46A6-A639-AE6333729ADC}
		{C91C9E92-A243-4126-92BC-6970D1985639} = {DAA180C1-99DC-46A6-A639-AE6333729ADC}
		{CD855231-F0AA-409B-B608-5620095CA804} = {DAA180C1-99DC-46A6-A639-AE6333729ADC}
		{09B0448E-5667-403E-8D9F-3927E103E3DA} = {DAA180C1-99DC-46A6-A639-AE6333729ADC}
		{01E4B663-E5C8-4B07-84EC-0B857463B3E0} = {DAA180C1-99DC-46A6-A639-AE6333729ADC}
		{F073D20D-5BDB-48A8-A7D5-6E9A1D99CDBB} = {DAA180C1-99DC-46A6-A639-AE6333729ADC}
		{4C658BB4-A399-4AD6-948F-2FB8ED0240E7} = {DAA180C1-99DC-46A6-A639-AE6333729ADC}
	EndGlobalSection
	GlobalSection(ExtensibilityGlobals) = postSolution
		SolutionGuid = {6561B3A9-A0FD-4A5B-9450-520712C8094C}
	EndGlobalSection
EndGlobal
